
Microsoft Visual Studio Solution File, Format Version 12.00
# Visual Studio Version 16
VisualStudioVersion = 16.0.31205.134
MinimumVisualStudioVersion = 10.0.40219.1
Project("{FAE04EC0-301F-11D3-BF4B-00C04F79EFBC}") = "MarsRover", "MarsRover.csproj", "{121DCCAF-EB6F-4E87-A0B5-078E0C630F7B}"
EndProject
Project("{FAE04EC0-301F-11D3-BF4B-00C04F79EFBC}") = "MarsRoverTest", "..\MarsRoverTest\MarsRoverTest.csproj", "{73384D54-AE18-42C7-AD62-6CE781140ECB}"
EndProject
Global
	GlobalSection(SolutionConfigurationPlatforms) = preSolution
		Debug|Any CPU = Debug|Any CPU
		Release|Any CPU = Release|Any CPU
	EndGlobalSection
	GlobalSection(ProjectConfigurationPlatforms) = postSolution
		{121DCCAF-EB6F-4E87-A0B5-078E0C630F7B}.Debug|Any CPU.ActiveCfg = Debug|Any CPU
		{121DCCAF-EB6F-4E87-A0B5-078E0C630F7B}.Debug|Any CPU.Build.0 = Debug|Any CPU
		{121DCCAF-EB6F-4E87-A0B5-078E0C630F7B}.Release|Any CPU.ActiveCfg = Release|Any CPU
		{121DCCAF-EB6F-4E87-A0B5-078E0C630F7B}.Release|Any CPU.Build.0 = Release|Any CPU
		{73384D54-AE18-42C7-AD62-6CE781140ECB}.Debug|Any CPU.ActiveCfg = Debug|Any CPU
		{73384D54-AE18-42C7-AD62-6CE781140ECB}.Debug|Any CPU.Build.0 = Debug|Any CPU
		{73384D54-AE18-42C7-AD62-6CE781140ECB}.Release|Any CPU.ActiveCfg = Release|Any CPU
		{73384D54-AE18-42C7-AD62-6CE781140ECB}.Release|Any CPU.Build.0 = Release|Any CPU
	EndGlobalSection
	GlobalSection(SolutionProperties) = preSolution
		HideSolutionNode = FALSE
	EndGlobalSection
	GlobalSection(ExtensibilityGlobals) = postSolution
		SolutionGuid = {253787CA-D99C-4DAF-B366-A3F5B7B0F6F2}
	EndGlobalSection
EndGlobal
